
Microsoft Visual Studio Solution File, Format Version 12.00
# Visual Studio Version 17
VisualStudioVersion = 17.5.33424.131
MinimumVisualStudioVersion = 10.0.40219.1
Project("{2150E333-8FDC-42A3-9474-1A3956D46DE8}") = "DataAccess", "DataAccess", "{7A3C55CA-5758-4C51-9646-2F274081CDA4}"
EndProject
Project("{2150E333-8FDC-42A3-9474-1A3956D46DE8}") = "Domain", "Domain", "{3593AAAE-2B3D-4332-A901-E8EA7F83FF76}"
EndProject
Project("{9A19103F-16F7-4668-BE54-9A1E7A4F7556}") = "Psysup.DataAccess", "Psysup.DataAccess\Psysup.DataAccess.csproj", "{890C7C00-580B-4500-83A7-981E17201B44}"
EndProject
Project("{2150E333-8FDC-42A3-9474-1A3956D46DE8}") = "DataContracts", "DataContracts", "{9188939A-E4C2-45D1-B571-3D6373B04736}"
EndProject
Project("{9A19103F-16F7-4668-BE54-9A1E7A4F7556}") = "Psysup.DataContracts", "Psysup.DataContracts\Psysup.DataContracts.csproj", "{F709E469-5311-4EAB-ABE5-090A9F5A577F}"
EndProject
Project("{2150E333-8FDC-42A3-9474-1A3956D46DE8}") = "Api", "Api", "{079AC8E1-7AFB-41B6-A045-EA1746990339}"
EndProject
Project("{9A19103F-16F7-4668-BE54-9A1E7A4F7556}") = "Psysup.Domain", "Psysup.Domain\Psysup.Domain.csproj", "{CE7D6BD7-3B7E-4C83-8181-BBF01BA4583E}"
EndProject
Project("{9A19103F-16F7-4668-BE54-9A1E7A4F7556}") = "Psysup.WebApi", "Psysup.WebApi\Psysup.WebApi.csproj", "{A325D5DC-B516-4BB7-9E73-6CB03EF2FDB7}"
EndProject
Global
	GlobalSection(SolutionConfigurationPlatforms) = preSolution
		Debug|Any CPU = Debug|Any CPU
		Release|Any CPU = Release|Any CPU
	EndGlobalSection
	GlobalSection(ProjectConfigurationPlatforms) = postSolution
		{890C7C00-580B-4500-83A7-981E17201B44}.Debug|Any CPU.ActiveCfg = Debug|Any CPU
		{890C7C00-580B-4500-83A7-981E17201B44}.Debug|Any CPU.Build.0 = Debug|Any CPU
		{890C7C00-580B-4500-83A7-981E17201B44}.Release|Any CPU.ActiveCfg = Release|Any CPU
		{890C7C00-580B-4500-83A7-981E17201B44}.Release|Any CPU.Build.0 = Release|Any CPU
		{F709E469-5311-4EAB-ABE5-090A9F5A577F}.Debug|Any CPU.ActiveCfg = Debug|Any CPU
		{F709E469-5311-4EAB-ABE5-090A9F5A577F}.Debug|Any CPU.Build.0 = Debug|Any CPU
		{F709E469-5311-4EAB-ABE5-090A9F5A577F}.Release|Any CPU.ActiveCfg = Release|Any CPU
		{F709E469-5311-4EAB-ABE5-090A9F5A577F}.Release|Any CPU.Build.0 = Release|Any CPU
		{CE7D6BD7-3B7E-4C83-8181-BBF01BA4583E}.Debug|Any CPU.ActiveCfg = Debug|Any CPU
		{CE7D6BD7-3B7E-4C83-8181-BBF01BA4583E}.Debug|Any CPU.Build.0 = Debug|Any CPU
		{CE7D6BD7-3B7E-4C83-8181-BBF01BA4583E}.Release|Any CPU.ActiveCfg = Release|Any CPU
		{CE7D6BD7-3B7E-4C83-8181-BBF01BA4583E}.Release|Any CPU.Build.0 = Release|Any CPU
		{A325D5DC-B516-4BB7-9E73-6CB03EF2FDB7}.Debug|Any CPU.ActiveCfg = Debug|Any CPU
		{A325D5DC-B516-4BB7-9E73-6CB03EF2FDB7}.Debug|Any CPU.Build.0 = Debug|Any CPU
		{A325D5DC-B516-4BB7-9E73-6CB03EF2FDB7}.Release|Any CPU.ActiveCfg = Release|Any CPU
		{A325D5DC-B516-4BB7-9E73-6CB03EF2FDB7}.Release|Any CPU.Build.0 = Release|Any CPU
	EndGlobalSection
	GlobalSection(SolutionProperties) = preSolution
		HideSolutionNode = FALSE
	EndGlobalSection
	GlobalSection(NestedProjects) = preSolution
		{890C7C00-580B-4500-83A7-981E17201B44} = {7A3C55CA-5758-4C51-9646-2F274081CDA4}
		{F709E469-5311-4EAB-ABE5-090A9F5A577F} = {9188939A-E4C2-45D1-B571-3D6373B04736}
		{CE7D6BD7-3B7E-4C83-8181-BBF01BA4583E} = {3593AAAE-2B3D-4332-A901-E8EA7F83FF76}
		{A325D5DC-B516-4BB7-9E73-6CB03EF2FDB7} = {079AC8E1-7AFB-41B6-A045-EA1746990339}
	EndGlobalSection
	GlobalSection(ExtensibilityGlobals) = postSolution
		SolutionGuid = {54E88227-07C7-4A60-ADF8-E438F22D71AE}
	EndGlobalSection
EndGlobal
